
Microsoft Visual Studio Solution File, Format Version 12.00
# Visual Studio 15
VisualStudioVersion = 15.0.28307.1082
MinimumVisualStudioVersion = 10.0.40219.1
Project("{8BC9CEB8-8B4A-11D0-8D11-00A0C91BC942}") = "Win32HotKeyHookTool", "Win32HotKeyHookTool.vcxproj", "{BC956F0A-197A-41BB-A564-58EF01A4FFC2}"
EndProject
Global
	GlobalSection(SolutionConfigurationPlatforms) = preSolution
		Debug|x64 = Debug|x64
		Debug|x86 = Debug|x86
		Release|x64 = Release|x64
		Release|x86 = Release|x86
	EndGlobalSection
	GlobalSection(ProjectConfigurationPlatforms) = postSolution
		{BC956F0A-197A-41BB-A564-58EF01A4FFC2}.Debug|x64.ActiveCfg = Debug|x64
		{BC956F0A-197A-41BB-A564-58EF01A4FFC2}.Debug|x64.Build.0 = Debug|x64
		{BC956F0A-197A-41BB-A564-58EF01A4FFC2}.Debug|x86.ActiveCfg = Debug|Win32
		{BC956F0A-197A-41BB-A564-58EF01A4FFC2}.Debug|x86.Build.0 = Debug|Win32
		{BC956F0A-197A-41BB-A564-58EF01A4FFC2}.Release|x64.ActiveCfg = Release|x64
		{BC956F0A-197A-41BB-A564-58EF01A4FFC2}.Release|x64.Build.0 = Release|x64
		{BC956F0A-197A-41BB-A564-58EF01A4FFC2}.Release|x86.ActiveCfg = Release|Win32
		{BC956F0A-197A-41BB-A564-58EF01A4FFC2}.Release|x86.Build.0 = Release|Win32
	EndGlobalSection
	GlobalSection(SolutionProperties) = preSolution
		HideSolutionNode = FALSE
	EndGlobalSection
	GlobalSection(ExtensibilityGlobals) = postSolution
		SolutionGuid = {A4B9CD80-3A3F-4146-9F38-A251E982CAFF}
	EndGlobalSection
EndGlobal
